
Microsoft Visual Studio Solution File, Format Version 12.00
# Visual Studio Version 17
VisualStudioVersion = 17.7.34024.191
MinimumVisualStudioVersion = 10.0.40219.1
Project("{FAE04EC0-301F-11D3-BF4B-00C04F79EFBC}") = "INNO.API", "INNO.API\INNO.API.csproj", "{1A5CF5CC-AE05-454D-9EFC-BCDEA1D1E10C}"
EndProject
Project("{2150E333-8FDC-42A3-9474-1A3956D46DE8}") = "src", "src", "{DDEBA214-F6C5-4A9C-8092-F4F6BE3BEDE9}"
EndProject
Project("{FAE04EC0-301F-11D3-BF4B-00C04F79EFBC}") = "INNO.Data", "INNO.Data\INNO.Data.csproj", "{A86E4A93-CC15-4BA3-86CC-6EE05A160E54}"
EndProject
Project("{FAE04EC0-301F-11D3-BF4B-00C04F79EFBC}") = "INNO.Domain", "INNO.Domain\INNO.Domain.csproj", "{731B5743-4964-42FB-B2BD-F9E83A105787}"
EndProject
Project("{FAE04EC0-301F-11D3-BF4B-00C04F79EFBC}") = "INNO.Service", "INNO.Service\INNO.Service.csproj", "{07799792-521B-4EBA-8974-5CC19EA01765}"
EndProject
Global
	GlobalSection(SolutionConfigurationPlatforms) = preSolution
		Debug|Any CPU = Debug|Any CPU
		Release|Any CPU = Release|Any CPU
	EndGlobalSection
	GlobalSection(ProjectConfigurationPlatforms) = postSolution
		{1A5CF5CC-AE05-454D-9EFC-BCDEA1D1E10C}.Debug|Any CPU.ActiveCfg = Debug|Any CPU
		{1A5CF5CC-AE05-454D-9EFC-BCDEA1D1E10C}.Debug|Any CPU.Build.0 = Debug|Any CPU
		{1A5CF5CC-AE05-454D-9EFC-BCDEA1D1E10C}.Release|Any CPU.ActiveCfg = Release|Any CPU
		{1A5CF5CC-AE05-454D-9EFC-BCDEA1D1E10C}.Release|Any CPU.Build.0 = Release|Any CPU
		{A86E4A93-CC15-4BA3-86CC-6EE05A160E54}.Debug|Any CPU.ActiveCfg = Debug|Any CPU
		{A86E4A93-CC15-4BA3-86CC-6EE05A160E54}.Debug|Any CPU.Build.0 = Debug|Any CPU
		{A86E4A93-CC15-4BA3-86CC-6EE05A160E54}.Release|Any CPU.ActiveCfg = Release|Any CPU
		{A86E4A93-CC15-4BA3-86CC-6EE05A160E54}.Release|Any CPU.Build.0 = Release|Any CPU
		{731B5743-4964-42FB-B2BD-F9E83A105787}.Debug|Any CPU.ActiveCfg = Debug|Any CPU
		{731B5743-4964-42FB-B2BD-F9E83A105787}.Debug|Any CPU.Build.0 = Debug|Any CPU
		{731B5743-4964-42FB-B2BD-F9E83A105787}.Release|Any CPU.ActiveCfg = Release|Any CPU
		{731B5743-4964-42FB-B2BD-F9E83A105787}.Release|Any CPU.Build.0 = Release|Any CPU
		{07799792-521B-4EBA-8974-5CC19EA01765}.Debug|Any CPU.ActiveCfg = Debug|Any CPU
		{07799792-521B-4EBA-8974-5CC19EA01765}.Debug|Any CPU.Build.0 = Debug|Any CPU
		{07799792-521B-4EBA-8974-5CC19EA01765}.Release|Any CPU.ActiveCfg = Release|Any CPU
		{07799792-521B-4EBA-8974-5CC19EA01765}.Release|Any CPU.Build.0 = Release|Any CPU
	EndGlobalSection
	GlobalSection(SolutionProperties) = preSolution
		HideSolutionNode = FALSE
	EndGlobalSection
	GlobalSection(NestedProjects) = preSolution
		{1A5CF5CC-AE05-454D-9EFC-BCDEA1D1E10C} = {DDEBA214-F6C5-4A9C-8092-F4F6BE3BEDE9}
		{A86E4A93-CC15-4BA3-86CC-6EE05A160E54} = {DDEBA214-F6C5-4A9C-8092-F4F6BE3BEDE9}
		{731B5743-4964-42FB-B2BD-F9E83A105787} = {DDEBA214-F6C5-4A9C-8092-F4F6BE3BEDE9}
		{07799792-521B-4EBA-8974-5CC19EA01765} = {DDEBA214-F6C5-4A9C-8092-F4F6BE3BEDE9}
	EndGlobalSection
	GlobalSection(ExtensibilityGlobals) = postSolution
		SolutionGuid = {E7A9F81C-65AB-4566-98ED-A0C58D1C78B5}
	EndGlobalSection
EndGlobal
